
Microsoft Visual Studio Solution File, Format Version 12.00
# Visual Studio Version 17
VisualStudioVersion = 17.9.34622.214
MinimumVisualStudioVersion = 10.0.40219.1
Project("{9A19103F-16F7-4668-BE54-9A1E7A4F7556}") = "TodoListApp", "TodoListApp.csproj", "{9C9224C5-DB7D-4CC4-A57C-F8D3FEE5E25C}"
EndProject
Global
	GlobalSection(SolutionConfigurationPlatforms) = preSolution
		Debug|Any CPU = Debug|Any CPU
		Release|Any CPU = Release|Any CPU
	EndGlobalSection
	GlobalSection(ProjectConfigurationPlatforms) = postSolution
		{9C9224C5-DB7D-4CC4-A57C-F8D3FEE5E25C}.Debug|Any CPU.ActiveCfg = Debug|Any CPU
		{9C9224C5-DB7D-4CC4-A57C-F8D3FEE5E25C}.Debug|Any CPU.Build.0 = Debug|Any CPU
		{9C9224C5-DB7D-4CC4-A57C-F8D3FEE5E25C}.Debug|Any CPU.Deploy.0 = Debug|Any CPU
		{9C9224C5-DB7D-4CC4-A57C-F8D3FEE5E25C}.Release|Any CPU.ActiveCfg = Release|Any CPU
		{9C9224C5-DB7D-4CC4-A57C-F8D3FEE5E25C}.Release|Any CPU.Build.0 = Release|Any CPU
		{9C9224C5-DB7D-4CC4-A57C-F8D3FEE5E25C}.Release|Any CPU.Deploy.0 = Release|Any CPU
	EndGlobalSection
	GlobalSection(SolutionProperties) = preSolution
		HideSolutionNode = FALSE
	EndGlobalSection
	GlobalSection(ExtensibilityGlobals) = postSolution
		SolutionGuid = {B6CBAA29-BA74-4052-A955-D4A3ADD6A766}
	EndGlobalSection
EndGlobal
